
Microsoft Visual Studio Solution File, Format Version 12.00
# Visual Studio Version 17
VisualStudioVersion = 17.13.35828.75 d17.13
MinimumVisualStudioVersion = 10.0.40219.1
Project("{FAE04EC0-301F-11D3-BF4B-00C04F79EFBC}") = "SchoolManagementSystem", "SchoolManagementSystem.csproj", "{8E11D9A7-EDB4-49C6-8F77-2CB66C9CC94B}"
EndProject
Global
	GlobalSection(SolutionConfigurationPlatforms) = preSolution
		Debug|Any CPU = Debug|Any CPU
		Release|Any CPU = Release|Any CPU
	EndGlobalSection
	GlobalSection(ProjectConfigurationPlatforms) = postSolution
		{8E11D9A7-EDB4-49C6-8F77-2CB66C9CC94B}.Debug|Any CPU.ActiveCfg = Debug|Any CPU
		{8E11D9A7-EDB4-49C6-8F77-2CB66C9CC94B}.Debug|Any CPU.Build.0 = Debug|Any CPU
		{8E11D9A7-EDB4-49C6-8F77-2CB66C9CC94B}.Release|Any CPU.ActiveCfg = Release|Any CPU
		{8E11D9A7-EDB4-49C6-8F77-2CB66C9CC94B}.Release|Any CPU.Build.0 = Release|Any CPU
	EndGlobalSection
	GlobalSection(SolutionProperties) = preSolution
		HideSolutionNode = FALSE
	EndGlobalSection
	GlobalSection(ExtensibilityGlobals) = postSolution
		SolutionGuid = {D5E7D9FA-9B53-4E96-B6E4-24A5C87310AF}
	EndGlobalSection
EndGlobal
