
Microsoft Visual Studio Solution File, Format Version 12.00
# Visual Studio Version 17
VisualStudioVersion = 17.13.35828.75 d17.13
MinimumVisualStudioVersion = 10.0.40219.1
Project("{FAE04EC0-301F-11D3-BF4B-00C04F79EFBC}") = "Foodie", "Foodie.csproj", "{DDE833B3-DCB0-4622-B01C-C41782626A18}"
EndProject
Global
	GlobalSection(SolutionConfigurationPlatforms) = preSolution
		Debug|Any CPU = Debug|Any CPU
		Release|Any CPU = Release|Any CPU
	EndGlobalSection
	GlobalSection(ProjectConfigurationPlatforms) = postSolution
		{DDE833B3-DCB0-4622-B01C-C41782626A18}.Debug|Any CPU.ActiveCfg = Debug|Any CPU
		{DDE833B3-DCB0-4622-B01C-C41782626A18}.Debug|Any CPU.Build.0 = Debug|Any CPU
		{DDE833B3-DCB0-4622-B01C-C41782626A18}.Release|Any CPU.ActiveCfg = Release|Any CPU
		{DDE833B3-DCB0-4622-B01C-C41782626A18}.Release|Any CPU.Build.0 = Release|Any CPU
	EndGlobalSection
	GlobalSection(SolutionProperties) = preSolution
		HideSolutionNode = FALSE
	EndGlobalSection
	GlobalSection(ExtensibilityGlobals) = postSolution
		SolutionGuid = {795BE494-8BB0-4145-9578-B3CB5D53D40B}
	EndGlobalSection
EndGlobal
